// !$*UTF8*$!
{
	archiveVersion = 1;
	classes = {
	};
	objectVersion = 48;
	objects = {

/* Begin PBXBuildFile section */
		2EB2F0751FB19BD900B860D1 /* AppDelegate.m in Sources */ = {isa = PBXBuildFile; fileRef = 2EB2F0741FB19BD900B860D1 /* AppDelegate.m */; };
		2EB2F0781FB19BD900B860D1 /* ViewController.m in Sources */ = {isa = PBXBuildFile; fileRef = 2EB2F0771FB19BD900B860D1 /* ViewController.m */; };
		2EB2F07B1FB19BD900B860D1 /* Main.storyboard in Resources */ = {isa = PBXBuildFile; fileRef = 2EB2F0791FB19BD900B860D1 /* Main.storyboard */; };
		2EB2F07D1FB19BD900B860D1 /* Assets.xcassets in Resources */ = {isa = PBXBuildFile; fileRef = 2EB2F07C1FB19BD900B860D1 /* Assets.xcassets */; };
		2EB2F0801FB19BD900B860D1 /* LaunchScreen.storyboard in Resources */ = {isa = PBXBuildFile; fileRef = 2EB2F07E1FB19BD900B860D1 /* LaunchScreen.storyboard */; };
		2EB2F0831FB19BD900B860D1 /* main.m in Sources */ = {isa = PBXBuildFile; fileRef = 2EB2F0821FB19BD900B860D1 /* main.m */; };
		2EB2F08D1FB19BDA00B860D1 /* ATests.m in Sources */ = {isa = PBXBuildFile; fileRef = 2EB2F08C1FB19BDA00B860D1 /* ATests.m */; };
		2EB2F0981FB19BDA00B860D1 /* AUITests.m in Sources */ = {isa = PBXBuildFile; fileRef = 2EB2F0971FB19BDA00B860D1 /* AUITests.m */; };
		2EB2F0ED1FB1A20D00B860D1 /* Target_A.m in Sources */ = {isa = PBXBuildFile; fileRef = 2EB2F0EC1FB1A20D00B860D1 /* Target_A.m */; };
		2EB2F0EE1FB1A39300B860D1 /* AViewController.m in Sources */ = {isa = PBXBuildFile; fileRef = 2EB2F0A71FB19DC200B860D1 /* AViewController.m */; };
		4C905AFEC9E2E989A234686B /* libPods-A.a in Frameworks */ = {isa = PBXBuildFile; fileRef = F5E4AE6F0C670CA1A46AA3AE /* libPods-A.a */; };
/* End PBXBuildFile section */

/* Begin PBXContainerItemProxy section */
		2EB2F0891FB19BDA00B860D1 /* PBXContainerItemProxy */ = {
			isa = PBXContainerItemProxy;
			containerPortal = 2EB2F0681FB19BD900B860D1 /* Project object */;
			proxyType = 1;
			remoteGlobalIDString = 2EB2F06F1FB19BD900B860D1;
			remoteInfo = A;
		};
		2EB2F0941FB19BDA00B860D1 /* PBXContainerItemProxy */ = {
			isa = PBXContainerItemProxy;
			containerPortal = 2EB2F0681FB19BD900B860D1 /* Project object */;
			proxyType = 1;
			remoteGlobalIDString = 2EB2F06F1FB19BD900B860D1;
			remoteInfo = A;
		};
/* End PBXContainerItemProxy section */

/* Begin PBXFileReference section */
		2EB2F0701FB19BD900B860D1 /* A.app */ = {isa = PBXFileReference; explicitFileType = wrapper.application; includeInIndex = 0; path = A.app; sourceTree = BUILT_PRODUCTS_DIR; };
		2EB2F0731FB19BD900B860D1 /* AppDelegate.h */ = {isa = PBXFileReference; lastKnownFileType = sourcecode.c.h; path = AppDelegate.h; sourceTree = "<group>"; };
		2EB2F0741FB19BD900B860D1 /* AppDelegate.m */ = {isa = PBXFileReference; lastKnownFileType = sourcecode.c.objc; path = AppDelegate.m; sourceTree = "<group>"; };
		2EB2F0761FB19BD900B860D1 /* ViewController.h */ = {isa = PBXFileReference; lastKnownFileType = sourcecode.c.h; path = ViewController.h; sourceTree = "<group>"; };
		2EB2F0771FB19BD900B860D1 /* ViewController.m */ = {isa = PBXFileReference; lastKnownFileType = sourcecode.c.objc; path = ViewController.m; sourceTree = "<group>"; };
		2EB2F07A1FB19BD900B860D1 /* Base */ = {isa = PBXFileReference; lastKnownFileType = file.storyboard; name = Base; path = Base.lproj/Main.storyboard; sourceTree = "<group>"; };
		2EB2F07C1FB19BD900B860D1 /* Assets.xcassets */ = {isa = PBXFileReference; lastKnownFileType = folder.assetcatalog; path = Assets.xcassets; sourceTree = "<group>"; };
		2EB2F07F1FB19BD900B860D1 /* Base */ = {isa = PBXFileReference; lastKnownFileType = file.storyboard; name = Base; path = Base.lproj/LaunchScreen.storyboard; sourceTree = "<group>"; };
		2EB2F0811FB19BD900B860D1 /* Info.plist */ = {isa = PBXFileReference; lastKnownFileType = text.plist.xml; path = Info.plist; sourceTree = "<group>"; };
		2EB2F0821FB19BD900B860D1 /* main.m */ = {isa = PBXFileReference; lastKnownFileType = sourcecode.c.objc; path = main.m; sourceTree = "<group>"; };
		2EB2F0881FB19BDA00B860D1 /* ATests.xctest */ = {isa = PBXFileReference; explicitFileType = wrapper.cfbundle; includeInIndex = 0; path = ATests.xctest; sourceTree = BUILT_PRODUCTS_DIR; };
		2EB2F08C1FB19BDA00B860D1 /* ATests.m */ = {isa = PBXFileReference; lastKnownFileType = sourcecode.c.objc; path = ATests.m; sourceTree = "<group>"; };
		2EB2F08E1FB19BDA00B860D1 /* Info.plist */ = {isa = PBXFileReference; lastKnownFileType = text.plist.xml; path = Info.plist; sourceTree = "<group>"; };
		2EB2F0931FB19BDA00B860D1 /* AUITests.xctest */ = {isa = PBXFileReference; explicitFileType = wrapper.cfbundle; includeInIndex = 0; path = AUITests.xctest; sourceTree = BUILT_PRODUCTS_DIR; };
		2EB2F0971FB19BDA00B860D1 /* AUITests.m */ = {isa = PBXFileReference; lastKnownFileType = sourcecode.c.objc; path = AUITests.m; sourceTree = "<group>"; };
		2EB2F0991FB19BDA00B860D1 /* Info.plist */ = {isa = PBXFileReference; lastKnownFileType = text.plist.xml; path = Info.plist; sourceTree = "<group>"; };
		2EB2F0A61FB19DC200B860D1 /* AViewController.h */ = {isa = PBXFileReference; lastKnownFileType = sourcecode.c.h; path = AViewController.h; sourceTree = "<group>"; };
		2EB2F0A71FB19DC200B860D1 /* AViewController.m */ = {isa = PBXFileReference; lastKnownFileType = sourcecode.c.objc; path = AViewController.m; sourceTree = "<group>"; };
		2EB2F0EB1FB1A20D00B860D1 /* Target_A.h */ = {isa = PBXFileReference; lastKnownFileType = sourcecode.c.h; path = Target_A.h; sourceTree = "<group>"; };
		2EB2F0EC1FB1A20D00B860D1 /* Target_A.m */ = {isa = PBXFileReference; lastKnownFileType = sourcecode.c.objc; path = Target_A.m; sourceTree = "<group>"; };
		4785671A9F5522AD8B83D330 /* Pods-A.release.xcconfig */ = {isa = PBXFileReference; includeInIndex = 1; lastKnownFileType = text.xcconfig; name = "Pods-A.release.xcconfig"; path = "Pods/Target Support Files/Pods-A/Pods-A.release.xcconfig"; sourceTree = "<group>"; };
		8760B5B05F24A550124E2243 /* Pods-A.debug.xcconfig */ = {isa = PBXFileReference; includeInIndex = 1; lastKnownFileType = text.xcconfig; name = "Pods-A.debug.xcconfig"; path = "Pods/Target Support Files/Pods-A/Pods-A.debug.xcconfig"; sourceTree = "<group>"; };
		F5E4AE6F0C670CA1A46AA3AE /* libPods-A.a */ = {isa = PBXFileReference; explicitFileType = archive.ar; includeInIndex = 0; path = "libPods-A.a"; sourceTree = BUILT_PRODUCTS_DIR; };
/* End PBXFileReference section */

/* Begin PBXFrameworksBuildPhase section */
		2EB2F06D1FB19BD900B860D1 /* Frameworks */ = {
			isa = PBXFrameworksBuildPhase;
			buildActionMask = 2147483647;
			files = (
				4C905AFEC9E2E989A234686B /* libPods-A.a in Frameworks */,
			);
			runOnlyForDeploymentPostprocessing = 0;
		};
		2EB2F0851FB19BDA00B860D1 /* Frameworks */ = {
			isa = PBXFrameworksBuildPhase;
			buildActionMask = 2147483647;
			files = (
			);
			runOnlyForDeploymentPostprocessing = 0;
		};
		2EB2F0901FB19BDA00B860D1 /* Frameworks */ = {
			isa = PBXFrameworksBuildPhase;
			buildActionMask = 2147483647;
			files = (
			);
			runOnlyForDeploymentPostprocessing = 0;
		};
/* End PBXFrameworksBuildPhase section */

/* Begin PBXGroup section */
		220D0FCFB21D166467351B9B /* Pods */ = {
			isa = PBXGroup;
			children = (
				8760B5B05F24A550124E2243 /* Pods-A.debug.xcconfig */,
				4785671A9F5522AD8B83D330 /* Pods-A.release.xcconfig */,
			);
			name = Pods;
			sourceTree = "<group>";
		};
		2EB2F0671FB19BD900B860D1 = {
			isa = PBXGroup;
			children = (
				2EB2F0721FB19BD900B860D1 /* A */,
				2EB2F08B1FB19BDA00B860D1 /* ATests */,
				2EB2F0961FB19BDA00B860D1 /* AUITests */,
				2EB2F0711FB19BD900B860D1 /* Products */,
				220D0FCFB21D166467351B9B /* Pods */,
				6FC83265292814E05948F6E9 /* Frameworks */,
			);
			sourceTree = "<group>";
		};
		2EB2F0711FB19BD900B860D1 /* Products */ = {
			isa = PBXGroup;
			children = (
				2EB2F0701FB19BD900B860D1 /* A.app */,
				2EB2F0881FB19BDA00B860D1 /* ATests.xctest */,
				2EB2F0931FB19BDA00B860D1 /* AUITests.xctest */,
			);
			name = Products;
			sourceTree = "<group>";
		};
		2EB2F0721FB19BD900B860D1 /* A */ = {
			isa = PBXGroup;
			children = (
				2EB2F0A51FB19DC200B860D1 /* A */,
				2EB2F0731FB19BD900B860D1 /* AppDelegate.h */,
				2EB2F0741FB19BD900B860D1 /* AppDelegate.m */,
				2EB2F0761FB19BD900B860D1 /* ViewController.h */,
				2EB2F0771FB19BD900B860D1 /* ViewController.m */,
				2EB2F0791FB19BD900B860D1 /* Main.storyboard */,
				2EB2F07C1FB19BD900B860D1 /* Assets.xcassets */,
				2EB2F07E1FB19BD900B860D1 /* LaunchScreen.storyboard */,
				2EB2F0811FB19BD900B860D1 /* Info.plist */,
				2EB2F0821FB19BD900B860D1 /* main.m */,
			);
			path = A;
			sourceTree = "<group>";
		};
		2EB2F08B1FB19BDA00B860D1 /* ATests */ = {
			isa = PBXGroup;
			children = (
				2EB2F08C1FB19BDA00B860D1 /* ATests.m */,
				2EB2F08E1FB19BDA00B860D1 /* Info.plist */,
			);
			path = ATests;
			sourceTree = "<group>";
		};
		2EB2F0961FB19BDA00B860D1 /* AUITests */ = {
			isa = PBXGroup;
			children = (
				2EB2F0971FB19BDA00B860D1 /* AUITests.m */,
				2EB2F0991FB19BDA00B860D1 /* Info.plist */,
			);
			path = AUITests;
			sourceTree = "<group>";
		};
		2EB2F0A51FB19DC200B860D1 /* A */ = {
			isa = PBXGroup;
			children = (
				2EB2F0EA1FB1A1DE00B860D1 /* Targets */,
				2EB2F0A61FB19DC200B860D1 /* AViewController.h */,
				2EB2F0A71FB19DC200B860D1 /* AViewController.m */,
			);
			path = A;
			sourceTree = "<group>";
		};
		2EB2F0EA1FB1A1DE00B860D1 /* Targets */ = {
			isa = PBXGroup;
			children = (
				2EB2F0EB1FB1A20D00B860D1 /* Target_A.h */,
				2EB2F0EC1FB1A20D00B860D1 /* Target_A.m */,
			);
			path = Targets;
			sourceTree = "<group>";
		};
		6FC83265292814E05948F6E9 /* Frameworks */ = {
			isa = PBXGroup;
			children = (
				F5E4AE6F0C670CA1A46AA3AE /* libPods-A.a */,
			);
			name = Frameworks;
			sourceTree = "<group>";
		};
/* End PBXGroup section */

/* Begin PBXNativeTarget section */
		2EB2F06F1FB19BD900B860D1 /* A */ = {
			isa = PBXNativeTarget;
			buildConfigurationList = 2EB2F09C1FB19BDA00B860D1 /* Build configuration list for PBXNativeTarget "A" */;
			buildPhases = (
				F0BD4A5DC9B94717C7CF2585 /* [CP] Check Pods Manifest.lock */,
				2EB2F06C1FB19BD900B860D1 /* Sources */,
				2EB2F06D1FB19BD900B860D1 /* Frameworks */,
				2EB2F06E1FB19BD900B860D1 /* Resources */,
				CE2ED3259FD393E2A8B00A5E /* [CP] Embed Pods Frameworks */,
				215AA771C2DD75665A07C465 /* [CP] Copy Pods Resources */,
			);
			buildRules = (
			);
			dependencies = (
			);
			name = A;
			productName = A;
			productReference = 2EB2F0701FB19BD900B860D1 /* A.app */;
			productType = "com.apple.product-type.application";
		};
		2EB2F0871FB19BDA00B860D1 /* ATests */ = {
			isa = PBXNativeTarget;
			buildConfigurationList = 2EB2F09F1FB19BDA00B860D1 /* Build configuration list for PBXNativeTarget "ATests" */;
			buildPhases = (
				2EB2F0841FB19BDA00B860D1 /* Sources */,
				2EB2F0851FB19BDA00B860D1 /* Frameworks */,
				2EB2F0861FB19BDA00B860D1 /* Resources */,
			);
			buildRules = (
			);
			dependencies = (
				2EB2F08A1FB19BDA00B860D1 /* PBXTargetDependency */,
			);
			name = ATests;
			productName = ATests;
			productReference = 2EB2F0881FB19BDA00B860D1 /* ATests.xctest */;
			productType = "com.apple.product-type.bundle.unit-test";
		};
		2EB2F0921FB19BDA00B860D1 /* AUITests */ = {
			isa = PBXNativeTarget;
			buildConfigurationList = 2EB2F0A21FB19BDA00B860D1 /* Build configuration list for PBXNativeTarget "AUITests" */;
			buildPhases = (
				2EB2F08F1FB19BDA00B860D1 /* Sources */,
				2EB2F0901FB19BDA00B860D1 /* Frameworks */,
				2EB2F0911FB19BDA00B860D1 /* Resources */,
			);
			buildRules = (
			);
			dependencies = (
				2EB2F0951FB19BDA00B860D1 /* PBXTargetDependency */,
			);
			name = AUITests;
			productName = AUITests;
			productReference = 2EB2F0931FB19BDA00B860D1 /* AUITests.xctest */;
			productType = "com.apple.product-type.bundle.ui-testing";
		};
/* End PBXNativeTarget section */

/* Begin PBXProject section */
		2EB2F0681FB19BD900B860D1 /* Project object */ = {
			isa = PBXProject;
			attributes = {
				LastUpgradeCheck = 0900;
				ORGANIZATIONNAME = "Wei Fan";
				TargetAttributes = {
					2EB2F06F1FB19BD900B860D1 = {
						CreatedOnToolsVersion = 9.0;
						ProvisioningStyle = Automatic;
					};
					2EB2F0871FB19BDA00B860D1 = {
						CreatedOnToolsVersion = 9.0;
						ProvisioningStyle = Automatic;
						TestTargetID = 2EB2F06F1FB19BD900B860D1;
					};
					2EB2F0921FB19BDA00B860D1 = {
						CreatedOnToolsVersion = 9.0;
						ProvisioningStyle = Automatic;
						TestTargetID = 2EB2F06F1FB19BD900B860D1;
					};
				};
			};
			buildConfigurationList = 2EB2F06B1FB19BD900B860D1 /* Build configuration list for PBXProject "A" */;
			compatibilityVersion = "Xcode 8.0";
			developmentRegion = en;
			hasScannedForEncodings = 0;
			knownRegions = (
				en,
				Base,
			);
			mainGroup = 2EB2F0671FB19BD900B860D1;
			productRefGroup = 2EB2F0711FB19BD900B860D1 /* Products */;
			projectDirPath = "";
			projectRoot = "";
			targets = (
				2EB2F06F1FB19BD900B860D1 /* A */,
				2EB2F0871FB19BDA00B860D1 /* ATests */,
				2EB2F0921FB19BDA00B860D1 /* AUITests */,
			);
		};
/* End PBXProject section */

/* Begin PBXResourcesBuildPhase section */
		2EB2F06E1FB19BD900B860D1 /* Resources */ = {
			isa = PBXResourcesBuildPhase;
			buildActionMask = 2147483647;
			files = (
				2EB2F0801FB19BD900B860D1 /* LaunchScreen.storyboard in Resources */,
				2EB2F07D1FB19BD900B860D1 /* Assets.xcassets in Resources */,
				2EB2F07B1FB19BD900B860D1 /* Main.storyboard in Resources */,
			);
			runOnlyForDeploymentPostprocessing = 0;
		};
		2EB2F0861FB19BDA00B860D1 /* Resources */ = {
			isa = PBXResourcesBuildPhase;
			buildActionMask = 2147483647;
			files = (
			);
			runOnlyForDeploymentPostprocessing = 0;
		};
		2EB2F0911FB19BDA00B860D1 /* Resources */ = {
			isa = PBXResourcesBuildPhase;
			buildActionMask = 2147483647;
			files = (
			);
			runOnlyForDeploymentPostprocessing = 0;
		};
/* End PBXResourcesBuildPhase section */

/* Begin PBXShellScriptBuildPhase section */
		215AA771C2DD75665A07C465 /* [CP] Copy Pods Resources */ = {
			isa = PBXShellScriptBuildPhase;
			buildActionMask = 2147483647;
			files = (
			);
			inputPaths = (
			);
			name = "[CP] Copy Pods Resources";
			outputPaths = (
			);
			runOnlyForDeploymentPostprocessing = 0;
			shellPath = /bin/sh;
			shellScript = "\"${SRCROOT}/Pods/Target Support Files/Pods-A/Pods-A-resources.sh\"\n";
			showEnvVarsInLog = 0;
		};
		CE2ED3259FD393E2A8B00A5E /* [CP] Embed Pods Frameworks */ = {
			isa = PBXShellScriptBuildPhase;
			buildActionMask = 2147483647;
			files = (
			);
			inputPaths = (
			);
			name = "[CP] Embed Pods Frameworks";
			outputPaths = (
			);
			runOnlyForDeploymentPostprocessing = 0;
			shellPath = /bin/sh;
			shellScript = "\"${SRCROOT}/Pods/Target Support Files/Pods-A/Pods-A-frameworks.sh\"\n";
			showEnvVarsInLog = 0;
		};
		F0BD4A5DC9B94717C7CF2585 /* [CP] Check Pods Manifest.lock */ = {
			isa = PBXShellScriptBuildPhase;
			buildActionMask = 2147483647;
			files = (
			);
			inputPaths = (
			);
			name = "[CP] Check Pods Manifest.lock";
			outputPaths = (
			);
			runOnlyForDeploymentPostprocessing = 0;
			shellPath = /bin/sh;
			shellScript = "diff \"${PODS_PODFILE_DIR_PATH}/Podfile.lock\" \"${PODS_ROOT}/Manifest.lock\" > /dev/null\nif [ $? != 0 ] ; then\n    # print error to STDERR\n    echo \"error: The sandbox is not in sync with the Podfile.lock. Run 'pod install' or update your CocoaPods installation.\" >&2\n    exit 1\nfi\n";
			showEnvVarsInLog = 0;
		};
/* End PBXShellScriptBuildPhase section */

/* Begin PBXSourcesBuildPhase section */
		2EB2F06C1FB19BD900B860D1 /* Sources */ = {
			isa = PBXSourcesBuildPhase;
			buildActionMask = 2147483647;
			files = (
				2EB2F0ED1FB1A20D00B860D1 /* Target_A.m in Sources */,
				2EB2F0EE1FB1A39300B860D1 /* AViewController.m in Sources */,
				2EB2F0781FB19BD900B860D1 /* ViewController.m in Sources */,
				2EB2F0831FB19BD900B860D1 /* main.m in Sources */,
				2EB2F0751FB19BD900B860D1 /* AppDelegate.m in Sources */,
			);
			runOnlyForDeploymentPostprocessing = 0;
		};
		2EB2F0841FB19BDA00B860D1 /* Sources */ = {
			isa = PBXSourcesBuildPhase;
			buildActionMask = 2147483647;
			files = (
				2EB2F08D1FB19BDA00B860D1 /* ATests.m in Sources */,
			);
			runOnlyForDeploymentPostprocessing = 0;
		};
		2EB2F08F1FB19BDA00B860D1 /* Sources */ = {
			isa = PBXSourcesBuildPhase;
			buildActionMask = 2147483647;
			files = (
				2EB2F0981FB19BDA00B860D1 /* AUITests.m in Sources */,
			);
			runOnlyForDeploymentPostprocessing = 0;
		};
/* End PBXSourcesBuildPhase section */

/* Begin PBXTargetDependency section */
		2EB2F08A1FB19BDA00B860D1 /* PBXTargetDependency */ = {
			isa = PBXTargetDependency;
			target = 2EB2F06F1FB19BD900B860D1 /* A */;
			targetProxy = 2EB2F0891FB19BDA00B860D1 /* PBXContainerItemProxy */;
		};
		2EB2F0951FB19BDA00B860D1 /* PBXTargetDependency */ = {
			isa = PBXTargetDependency;
			target = 2EB2F06F1FB19BD900B860D1 /* A */;
			targetProxy = 2EB2F0941FB19BDA00B860D1 /* PBXContainerItemProxy */;
		};
/* End PBXTargetDependency section */

/* Begin PBXVariantGroup section */
		2EB2F0791FB19BD900B860D1 /* Main.storyboard */ = {
			isa = PBXVariantGroup;
			children = (
				2EB2F07A1FB19BD900B860D1 /* Base */,
			);
			name = Main.storyboard;
			sourceTree = "<group>";
		};
		2EB2F07E1FB19BD900B860D1 /* LaunchScreen.storyboard */ = {
			isa = PBXVariantGroup;
			children = (
				2EB2F07F1FB19BD900B860D1 /* Base */,
			);
			name = LaunchScreen.storyboard;
			sourceTree = "<group>";
		};
/* End PBXVariantGroup section */

/* Begin XCBuildConfiguration section */
		2EB2F09A1FB19BDA00B860D1 /* Debug */ = {
			isa = XCBuildConfiguration;
			buildSettings = {
				ALWAYS_SEARCH_USER_PATHS = NO;
				CLANG_ANALYZER_NONNULL = YES;
				CLANG_ANALYZER_NUMBER_OBJECT_CONVERSION = YES_AGGRESSIVE;
				CLANG_CXX_LANGUAGE_STANDARD = "gnu++14";
				CLANG_CXX_LIBRARY = "libc++";
				CLANG_ENABLE_MODULES = YES;
				CLANG_ENABLE_OBJC_ARC = YES;
				CLANG_WARN_BLOCK_CAPTURE_AUTORELEASING = YES;
				CLANG_WARN_BOOL_CONVERSION = YES;
				CLANG_WARN_COMMA = YES;
				CLANG_WARN_CONSTANT_CONVERSION = YES;
				CLANG_WARN_DIRECT_OBJC_ISA_USAGE = YES_ERROR;
				CLANG_WARN_DOCUMENTATION_COMMENTS = YES;
				CLANG_WARN_EMPTY_BODY = YES;
				CLANG_WARN_ENUM_CONVERSION = YES;
				CLANG_WARN_INFINITE_RECURSION = YES;
				CLANG_WARN_INT_CONVERSION = YES;
				CLANG_WARN_NON_LITERAL_NULL_CONVERSION = YES;
				CLANG_WARN_OBJC_LITERAL_CONVERSION = YES;
				CLANG_WARN_OBJC_ROOT_CLASS = YES_ERROR;
				CLANG_WARN_RANGE_LOOP_ANALYSIS = YES;
				CLANG_WARN_STRICT_PROTOTYPES = YES;
				CLANG_WARN_SUSPICIOUS_MOVE = YES;
				CLANG_WARN_UNGUARDED_AVAILABILITY = YES_AGGRESSIVE;
				CLANG_WARN_UNREACHABLE_CODE = YES;
				CLANG_WARN__DUPLICATE_METHOD_MATCH = YES;
				CODE_SIGN_IDENTITY = "iPhone Developer";
				COPY_PHASE_STRIP = NO;
				DEBUG_INFORMATION_FORMAT = dwarf;
				ENABLE_STRICT_OBJC_MSGSEND = YES;
				ENABLE_TESTABILITY = YES;
				GCC_C_LANGUAGE_STANDARD = gnu11;
				GCC_DYNAMIC_NO_PIC = NO;
				GCC_NO_COMMON_BLOCKS = YES;
				GCC_OPTIMIZATION_LEVEL = 0;
				GCC_PREPROCESSOR_DEFINITIONS = (
					"DEBUG=1",
					"$(inherited)",
				);
				GCC_WARN_64_TO_32_BIT_CONVERSION = YES;
				GCC_WARN_ABOUT_RETURN_TYPE = YES_ERROR;
				GCC_WARN_UNDECLARED_SELECTOR = YES;
				GCC_WARN_UNINITIALIZED_AUTOS = YES_AGGRESSIVE;
				GCC_WARN_UNUSED_FUNCTION = YES;
				GCC_WARN_UNUSED_VARIABLE = YES;
				IPHONEOS_DEPLOYMENT_TARGET = 11.0;
				MTL_ENABLE_DEBUG_INFO = YES;
				ONLY_ACTIVE_ARCH = YES;
				SDKROOT = iphoneos;
			};
			name = Debug;
		};
		2EB2F09B1FB19BDA00B860D1 /* Release */ = {
			isa = XCBuildConfiguration;
			buildSettings = {
				ALWAYS_SEARCH_USER_PATHS = NO;
				CLANG_ANALYZER_NONNULL = YES;
				CLANG_ANALYZER_NUMBER_OBJECT_CONVERSION = YES_AGGRESSIVE;
				CLANG_CXX_LANGUAGE_STANDARD = "gnu++14";
				CLANG_CXX_LIBRARY = "libc++";
				CLANG_ENABLE_MODULES = YES;
				CLANG_ENABLE_OBJC_ARC = YES;
				CLANG_WARN_BLOCK_CAPTURE_AUTORELEASING = YES;
				CLANG_WARN_BOOL_CONVERSION = YES;
				CLANG_WARN_COMMA = YES;
				CLANG_WARN_CONSTANT_CONVERSION = YES;
				CLANG_WARN_DIRECT_OBJC_ISA_USAGE = YES_ERROR;
				CLANG_WARN_DOCUMENTATION_COMMENTS = YES;
				CLANG_WARN_EMPTY_BODY = YES;
				CLANG_WARN_ENUM_CONVERSION = YES;
				CLANG_WARN_INFINITE_RECURSION = YES;
				CLANG_WARN_INT_CONVERSION = YES;
				CLANG_WARN_NON_LITERAL_NULL_CONVERSION = YES;
				CLANG_WARN_OBJC_LITERAL_CONVERSION = YES;
				CLANG_WARN_OBJC_ROOT_CLASS = YES_ERROR;
				CLANG_WARN_RANGE_LOOP_ANALYSIS = YES;
				CLANG_WARN_STRICT_PROTOTYPES = YES;
				CLANG_WARN_SUSPICIOUS_MOVE = YES;
				CLANG_WARN_UNGUARDED_AVAILABILITY = YES_AGGRESSIVE;
				CLANG_WARN_UNREACHABLE_CODE = YES;
				CLANG_WARN__DUPLICATE_METHOD_MATCH = YES;
				CODE_SIGN_IDENTITY = "iPhone Developer";
				COPY_PHASE_STRIP = NO;
				DEBUG_INFORMATION_FORMAT = "dwarf-with-dsym";
				ENABLE_NS_ASSERTIONS = NO;
				ENABLE_STRICT_OBJC_MSGSEND = YES;
				GCC_C_LANGUAGE_STANDARD = gnu11;
				GCC_NO_COMMON_BLOCKS = YES;
				GCC_WARN_64_TO_32_BIT_CONVERSION = YES;
				GCC_WARN_ABOUT_RETURN_TYPE = YES_ERROR;
				GCC_WARN_UNDECLARED_SELECTOR = YES;
				GCC_WARN_UNINITIALIZED_AUTOS = YES_AGGRESSIVE;
				GCC_WARN_UNUSED_FUNCTION = YES;
				GCC_WARN_UNUSED_VARIABLE = YES;
				IPHONEOS_DEPLOYMENT_TARGET = 11.0;
				MTL_ENABLE_DEBUG_INFO = NO;
				SDKROOT = iphoneos;
				VALIDATE_PRODUCT = YES;
			};
			name = Release;
		};
		2EB2F09D1FB19BDA00B860D1 /* Debug */ = {
			isa = XCBuildConfiguration;
			baseConfigurationReference = 8760B5B05F24A550124E2243 /* Pods-A.debug.xcconfig */;
			buildSettings = {
				ASSETCATALOG_COMPILER_APPICON_NAME = AppIcon;
				CODE_SIGN_STYLE = Automatic;
				DEVELOPMENT_TEAM = 25EZUPR5QA;
				INFOPLIST_FILE = A/Info.plist;
				LD_RUNPATH_SEARCH_PATHS = "$(inherited) @executable_path/Frameworks";
				PRODUCT_BUNDLE_IDENTIFIER = com.none.A;
				PRODUCT_NAME = "$(TARGET_NAME)";
				TARGETED_DEVICE_FAMILY = "1,2";
			};
			name = Debug;
		};
		2EB2F09E1FB19BDA00B860D1 /* Release */ = {
			isa = XCBuildConfiguration;
			baseConfigurationReference = 4785671A9F5522AD8B83D330 /* Pods-A.release.xcconfig */;
			buildSettings = {
				ASSETCATALOG_COMPILER_APPICON_NAME = AppIcon;
				CODE_SIGN_STYLE = Automatic;
				DEVELOPMENT_TEAM = 25EZUPR5QA;
				INFOPLIST_FILE = A/Info.plist;
				LD_RUNPATH_SEARCH_PATHS = "$(inherited) @executable_path/Frameworks";
				PRODUCT_BUNDLE_IDENTIFIER = com.none.A;
				PRODUCT_NAME = "$(TARGET_NAME)";
				TARGETED_DEVICE_FAMILY = "1,2";
			};
			name = Release;
		};
		2EB2F0A01FB19BDA00B860D1 /* Debug */ = {
			isa = XCBuildConfiguration;
			buildSettings = {
				BUNDLE_LOADER = "$(TEST_HOST)";
				CODE_SIGN_STYLE = Automatic;
				DEVELOPMENT_TEAM = 25EZUPR5QA;
				INFOPLIST_FILE = ATests/Info.plist;
				LD_RUNPATH_SEARCH_PATHS = "$(inherited) @executable_path/Frameworks @loader_path/Frameworks";
				PRODUCT_BUNDLE_IDENTIFIER = com.none.ATests;
				PRODUCT_NAME = "$(TARGET_NAME)";
				TARGETED_DEVICE_FAMILY = "1,2";
				TEST_HOST = "$(BUILT_PRODUCTS_DIR)/A.app/A";
			};
			name = Debug;
		};
		2EB2F0A11FB19BDA00B860D1 /* Release */ = {
			isa = XCBuildConfiguration;
			buildSettings = {
				BUNDLE_LOADER = "$(TEST_HOST)";
				CODE_SIGN_STYLE = Automatic;
				DEVELOPMENT_TEAM = 25EZUPR5QA;
				INFOPLIST_FILE = ATests/Info.plist;
				LD_RUNPATH_SEARCH_PATHS = "$(inherited) @executable_path/Frameworks @loader_path/Frameworks";
				PRODUCT_BUNDLE_IDENTIFIER = com.none.ATests;
				PRODUCT_NAME = "$(TARGET_NAME)";
				TARGETED_DEVICE_FAMILY = "1,2";
				TEST_HOST = "$(BUILT_PRODUCTS_DIR)/A.app/A";
			};
			name = Release;
		};
		2EB2F0A31FB19BDA00B860D1 /* Debug */ = {
			isa = XCBuildConfiguration;
			buildSettings = {
				CODE_SIGN_STYLE = Automatic;
				DEVELOPMENT_TEAM = 25EZUPR5QA;
				INFOPLIST_FILE = AUITests/Info.plist;
				LD_RUNPATH_SEARCH_PATHS = "$(inherited) @executable_path/Frameworks @loader_path/Frameworks";
				PRODUCT_BUNDLE_IDENTIFIER = com.none.AUITests;
				PRODUCT_NAME = "$(TARGET_NAME)";
				TARGETED_DEVICE_FAMILY = "1,2";
				TEST_TARGET_NAME = A;
			};
			name = Debug;
		};
		2EB2F0A41FB19BDA00B860D1 /* Release */ = {
			isa = XCBuildConfiguration;
			buildSettings = {
				CODE_SIGN_STYLE = Automatic;
				DEVELOPMENT_TEAM = 25EZUPR5QA;
				INFOPLIST_FILE = AUITests/Info.plist;
				LD_RUNPATH_SEARCH_PATHS = "$(inherited) @executable_path/Frameworks @loader_path/Frameworks";
				PRODUCT_BUNDLE_IDENTIFIER = com.none.AUITests;
				PRODUCT_NAME = "$(TARGET_NAME)";
				TARGETED_DEVICE_FAMILY = "1,2";
				TEST_TARGET_NAME = A;
			};
			name = Release;
		};
/* End XCBuildConfiguration section */

/* Begin XCConfigurationList section */
		2EB2F06B1FB19BD900B860D1 /* Build configuration list for PBXProject "A" */ = {
			isa = XCConfigurationList;
			buildConfigurations = (
				2EB2F09A1FB19BDA00B860D1 /* Debug */,
				2EB2F09B1FB19BDA00B860D1 /* Release */,
			);
			defaultConfigurationIsVisible = 0;
			defaultConfigurationName = Release;
		};
		2EB2F09C1FB19BDA00B860D1 /* Build configuration list for PBXNativeTarget "A" */ = {
			isa = XCConfigurationList;
			buildConfigurations = (
				2EB2F09D1FB19BDA00B860D1 /* Debug */,
				2EB2F09E1FB19BDA00B860D1 /* Release */,
			);
			defaultConfigurationIsVisible = 0;
			defaultConfigurationName = Release;
		};
		2EB2F09F1FB19BDA00B860D1 /* Build configuration list for PBXNativeTarget "ATests" */ = {
			isa = XCConfigurationList;
			buildConfigurations = (
				2EB2F0A01FB19BDA00B860D1 /* Debug */,
				2EB2F0A11FB19BDA00B860D1 /* Release */,
			);
			defaultConfigurationIsVisible = 0;
			defaultConfigurationName = Release;
		};
		2EB2F0A21FB19BDA00B860D1 /* Build configuration list for PBXNativeTarget "AUITests" */ = {
			isa = XCConfigurationList;
			buildConfigurations = (
				2EB2F0A31FB19BDA00B860D1 /* Debug */,
				2EB2F0A41FB19BDA00B860D1 /* Release */,
			);
			defaultConfigurationIsVisible = 0;
			defaultConfigurationName = Release;
		};
/* End XCConfigurationList section */
	};
	rootObject = 2EB2F0681FB19BD900B860D1 /* Project object */;
}
